
Microsoft Visual Studio Solution File, Format Version 12.00
# Visual Studio 15
Project("{FAE04EC0-301F-11D3-BF4B-00C04F79EFBC}") = "LegacyCode", "LegacyCode\LegacyCode.csproj", "{BC10FBA3-E4DC-4D5B-ABA0-576084EE7D14}"
EndProject
Project("{2150E333-8FDC-42A3-9474-1A3956D46DE8}") = "Solution Items", "Solution Items", "{A6CECCEE-4390-4C73-9362-E4E96182676E}"
	ProjectSection(SolutionItems) = preProject
		instructions-dealing-with-legacy-code.md = instructions-dealing-with-legacy-code.md
	EndProjectSection
EndProject
Global
	GlobalSection(SolutionConfigurationPlatforms) = preSolution
		Debug|Any CPU = Debug|Any CPU
		Release|Any CPU = Release|Any CPU
	EndGlobalSection
	GlobalSection(ProjectConfigurationPlatforms) = postSolution
		{BC10FBA3-E4DC-4D5B-ABA0-576084EE7D14}.Debug|Any CPU.ActiveCfg = Debug|Any CPU
		{BC10FBA3-E4DC-4D5B-ABA0-576084EE7D14}.Debug|Any CPU.Build.0 = Debug|Any CPU
		{BC10FBA3-E4DC-4D5B-ABA0-576084EE7D14}.Release|Any CPU.ActiveCfg = Release|Any CPU
		{BC10FBA3-E4DC-4D5B-ABA0-576084EE7D14}.Release|Any CPU.Build.0 = Release|Any CPU
	EndGlobalSection
EndGlobal
