
Microsoft Visual Studio Solution File, Format Version 12.00
# Visual Studio Version 16
VisualStudioVersion = 16.0.29920.165
MinimumVisualStudioVersion = 10.0.40219.1
Project("{9A19103F-16F7-4668-BE54-9A1E7A4F7556}") = "SpeedOfBuilds", "SpeedOfBuilds.csproj", "{F1646907-80D7-4834-90AD-31EEFA9036F4}"
EndProject
Project("{9A19103F-16F7-4668-BE54-9A1E7A4F7556}") = "TestSpeedOfBuilds", "..\TestSpeedOfBuilds\TestSpeedOfBuilds.csproj", "{F5A50A50-DEF8-4128-9FB9-0BC0A873982E}"
EndProject
Global
	GlobalSection(SolutionConfigurationPlatforms) = preSolution
		Debug|Any CPU = Debug|Any CPU
		Release|Any CPU = Release|Any CPU
		Test|Any CPU = Test|Any CPU
	EndGlobalSection
	GlobalSection(ProjectConfigurationPlatforms) = postSolution
		{F1646907-80D7-4834-90AD-31EEFA9036F4}.Debug|Any CPU.ActiveCfg = Debug|Any CPU
		{F1646907-80D7-4834-90AD-31EEFA9036F4}.Debug|Any CPU.Build.0 = Debug|Any CPU
		{F1646907-80D7-4834-90AD-31EEFA9036F4}.Release|Any CPU.ActiveCfg = Release|Any CPU
		{F1646907-80D7-4834-90AD-31EEFA9036F4}.Release|Any CPU.Build.0 = Release|Any CPU
		{F1646907-80D7-4834-90AD-31EEFA9036F4}.Test|Any CPU.ActiveCfg = Test|Any CPU
		{F1646907-80D7-4834-90AD-31EEFA9036F4}.Test|Any CPU.Build.0 = Test|Any CPU
		{F5A50A50-DEF8-4128-9FB9-0BC0A873982E}.Debug|Any CPU.ActiveCfg = Debug|Any CPU
		{F5A50A50-DEF8-4128-9FB9-0BC0A873982E}.Debug|Any CPU.Build.0 = Debug|Any CPU
		{F5A50A50-DEF8-4128-9FB9-0BC0A873982E}.Release|Any CPU.ActiveCfg = Release|Any CPU
		{F5A50A50-DEF8-4128-9FB9-0BC0A873982E}.Release|Any CPU.Build.0 = Release|Any CPU
		{F5A50A50-DEF8-4128-9FB9-0BC0A873982E}.Test|Any CPU.ActiveCfg = Test|Any CPU
		{F5A50A50-DEF8-4128-9FB9-0BC0A873982E}.Test|Any CPU.Build.0 = Test|Any CPU
	EndGlobalSection
	GlobalSection(SolutionProperties) = preSolution
		HideSolutionNode = FALSE
	EndGlobalSection
	GlobalSection(ExtensibilityGlobals) = postSolution
		SolutionGuid = {450BB4FA-4C7C-45B9-A9E8-6C4EC348569A}
	EndGlobalSection
EndGlobal
