
Microsoft Visual Studio Solution File, Format Version 12.00
# Visual Studio Version 16
VisualStudioVersion = 16.0.29920.165
MinimumVisualStudioVersion = 10.0.40219.1
Project("{FAE04EC0-301F-11D3-BF4B-00C04F79EFBC}") = "IncomeCalc", "IncomeCalc\IncomeCalc.csproj", "{03BC2C49-7114-4A9D-A603-129240D70624}"
EndProject
Project("{FAE04EC0-301F-11D3-BF4B-00C04F79EFBC}") = "TestIncomeCalc", "TestIncomeCalc\TestIncomeCalc.csproj", "{C6BFD98A-A8E6-44C2-9215-58901A25BC5B}"
EndProject
Global
	GlobalSection(SolutionConfigurationPlatforms) = preSolution
		Debug|Any CPU = Debug|Any CPU
		Release|Any CPU = Release|Any CPU
	EndGlobalSection
	GlobalSection(ProjectConfigurationPlatforms) = postSolution
		{03BC2C49-7114-4A9D-A603-129240D70624}.Debug|Any CPU.ActiveCfg = Debug|Any CPU
		{03BC2C49-7114-4A9D-A603-129240D70624}.Debug|Any CPU.Build.0 = Debug|Any CPU
		{03BC2C49-7114-4A9D-A603-129240D70624}.Release|Any CPU.ActiveCfg = Release|Any CPU
		{03BC2C49-7114-4A9D-A603-129240D70624}.Release|Any CPU.Build.0 = Release|Any CPU
		{C6BFD98A-A8E6-44C2-9215-58901A25BC5B}.Debug|Any CPU.ActiveCfg = Debug|Any CPU
		{C6BFD98A-A8E6-44C2-9215-58901A25BC5B}.Debug|Any CPU.Build.0 = Debug|Any CPU
		{C6BFD98A-A8E6-44C2-9215-58901A25BC5B}.Release|Any CPU.ActiveCfg = Release|Any CPU
		{C6BFD98A-A8E6-44C2-9215-58901A25BC5B}.Release|Any CPU.Build.0 = Release|Any CPU
	EndGlobalSection
	GlobalSection(SolutionProperties) = preSolution
		HideSolutionNode = FALSE
	EndGlobalSection
	GlobalSection(ExtensibilityGlobals) = postSolution
		SolutionGuid = {CCD9A0AE-D09F-40CC-A7E2-D25015B7D020}
	EndGlobalSection
EndGlobal
